
Microsoft Visual Studio Solution File, Format Version 12.00
# Visual Studio Version 16
VisualStudioVersion = 16.0.30803.129
MinimumVisualStudioVersion = 10.0.40219.1
Project("{FAE04EC0-301F-11D3-BF4B-00C04F79EFBC}") = "IbdTracker", "IbdTracker\IbdTracker.csproj", "{2824ABF2-5371-4A66-A2F3-DBE60F4A783E}"
EndProject
Project("{FAE04EC0-301F-11D3-BF4B-00C04F79EFBC}") = "IbdTracker.Core", "IbdTracker.Core\IbdTracker.Core.csproj", "{243F6BDC-F93A-4DAD-8223-35BBFED3EBC9}"
EndProject
Project("{FAE04EC0-301F-11D3-BF4B-00C04F79EFBC}") = "IbdTracker.Infrastructure", "IbdTracker.Infrastructure\IbdTracker.Infrastructure.csproj", "{834E23DB-061C-4456-B58C-0BBA08F4F434}"
EndProject
Project("{2150E333-8FDC-42A3-9474-1A3956D46DE8}") = "Tools", "Tools", "{DA2CA6EC-8442-4B70-ABAC-E9D0421036A7}"
ProjectSection(SolutionItems) = preProject
	.gitignore = .gitignore
EndProjectSection
EndProject
Project("{FAE04EC0-301F-11D3-BF4B-00C04F79EFBC}") = "IbdTracker.Tools.FoodImporter", "Tools\IbdTracker.Tools.FoodImporter\IbdTracker.Tools.FoodImporter.csproj", "{A5000B20-0981-4A9D-BDE8-5CE9818E5E91}"
EndProject
Project("{FAE04EC0-301F-11D3-BF4B-00C04F79EFBC}") = "IbdTracker.Tools.PharmaceuticalImporter", "Tools\IbdTracker.Tools.PharmaceuticalImporter\IbdTracker.Tools.PharmaceuticalImporter.csproj", "{073A374D-8246-45E7-A0B2-FBDA15FD127C}"
EndProject
Project("{FAE04EC0-301F-11D3-BF4B-00C04F79EFBC}") = "IbdTracker.Tools.PrescriptionVisualisationDataGenerator", "Tools\IbdTracker.Tools.PrescriptionVisualisationDataGenerator\IbdTracker.Tools.PrescriptionVisualisationDataGenerator.csproj", "{6EDE24F6-E32D-442D-AE62-F739B0FEF74E}"
EndProject
Project("{FAE04EC0-301F-11D3-BF4B-00C04F79EFBC}") = "IbdTracker.Tests", "IbdTracker.Tests\IbdTracker.Tests.csproj", "{38AAE403-698C-4C24-9361-F09080039247}"
EndProject
Global
	GlobalSection(SolutionConfigurationPlatforms) = preSolution
		Debug|Any CPU = Debug|Any CPU
		Release|Any CPU = Release|Any CPU
	EndGlobalSection
	GlobalSection(ProjectConfigurationPlatforms) = postSolution
		{2824ABF2-5371-4A66-A2F3-DBE60F4A783E}.Debug|Any CPU.ActiveCfg = Debug|Any CPU
		{2824ABF2-5371-4A66-A2F3-DBE60F4A783E}.Debug|Any CPU.Build.0 = Debug|Any CPU
		{2824ABF2-5371-4A66-A2F3-DBE60F4A783E}.Release|Any CPU.ActiveCfg = Release|Any CPU
		{2824ABF2-5371-4A66-A2F3-DBE60F4A783E}.Release|Any CPU.Build.0 = Release|Any CPU
		{243F6BDC-F93A-4DAD-8223-35BBFED3EBC9}.Debug|Any CPU.ActiveCfg = Debug|Any CPU
		{243F6BDC-F93A-4DAD-8223-35BBFED3EBC9}.Debug|Any CPU.Build.0 = Debug|Any CPU
		{243F6BDC-F93A-4DAD-8223-35BBFED3EBC9}.Release|Any CPU.ActiveCfg = Release|Any CPU
		{243F6BDC-F93A-4DAD-8223-35BBFED3EBC9}.Release|Any CPU.Build.0 = Release|Any CPU
		{834E23DB-061C-4456-B58C-0BBA08F4F434}.Debug|Any CPU.ActiveCfg = Debug|Any CPU
		{834E23DB-061C-4456-B58C-0BBA08F4F434}.Debug|Any CPU.Build.0 = Debug|Any CPU
		{834E23DB-061C-4456-B58C-0BBA08F4F434}.Release|Any CPU.ActiveCfg = Release|Any CPU
		{834E23DB-061C-4456-B58C-0BBA08F4F434}.Release|Any CPU.Build.0 = Release|Any CPU
		{A5000B20-0981-4A9D-BDE8-5CE9818E5E91}.Debug|Any CPU.ActiveCfg = Debug|Any CPU
		{A5000B20-0981-4A9D-BDE8-5CE9818E5E91}.Debug|Any CPU.Build.0 = Debug|Any CPU
		{A5000B20-0981-4A9D-BDE8-5CE9818E5E91}.Release|Any CPU.ActiveCfg = Release|Any CPU
		{A5000B20-0981-4A9D-BDE8-5CE9818E5E91}.Release|Any CPU.Build.0 = Release|Any CPU
		{073A374D-8246-45E7-A0B2-FBDA15FD127C}.Debug|Any CPU.ActiveCfg = Debug|Any CPU
		{073A374D-8246-45E7-A0B2-FBDA15FD127C}.Debug|Any CPU.Build.0 = Debug|Any CPU
		{073A374D-8246-45E7-A0B2-FBDA15FD127C}.Release|Any CPU.ActiveCfg = Release|Any CPU
		{073A374D-8246-45E7-A0B2-FBDA15FD127C}.Release|Any CPU.Build.0 = Release|Any CPU
		{6EDE24F6-E32D-442D-AE62-F739B0FEF74E}.Debug|Any CPU.ActiveCfg = Debug|Any CPU
		{6EDE24F6-E32D-442D-AE62-F739B0FEF74E}.Debug|Any CPU.Build.0 = Debug|Any CPU
		{6EDE24F6-E32D-442D-AE62-F739B0FEF74E}.Release|Any CPU.ActiveCfg = Release|Any CPU
		{6EDE24F6-E32D-442D-AE62-F739B0FEF74E}.Release|Any CPU.Build.0 = Release|Any CPU
		{38AAE403-698C-4C24-9361-F09080039247}.Debug|Any CPU.ActiveCfg = Debug|Any CPU
		{38AAE403-698C-4C24-9361-F09080039247}.Debug|Any CPU.Build.0 = Debug|Any CPU
		{38AAE403-698C-4C24-9361-F09080039247}.Release|Any CPU.ActiveCfg = Release|Any CPU
		{38AAE403-698C-4C24-9361-F09080039247}.Release|Any CPU.Build.0 = Release|Any CPU
	EndGlobalSection
	GlobalSection(SolutionProperties) = preSolution
		HideSolutionNode = FALSE
	EndGlobalSection
	GlobalSection(ExtensibilityGlobals) = postSolution
		SolutionGuid = {7D841766-31B7-40A3-A896-AC2F7A5C2BFF}
	EndGlobalSection
	GlobalSection(NestedProjects) = preSolution
		{A5000B20-0981-4A9D-BDE8-5CE9818E5E91} = {DA2CA6EC-8442-4B70-ABAC-E9D0421036A7}
		{073A374D-8246-45E7-A0B2-FBDA15FD127C} = {DA2CA6EC-8442-4B70-ABAC-E9D0421036A7}
		{6EDE24F6-E32D-442D-AE62-F739B0FEF74E} = {DA2CA6EC-8442-4B70-ABAC-E9D0421036A7}
	EndGlobalSection
EndGlobal
